
Microsoft Visual Studio Solution File, Format Version 12.00
# Visual Studio Version 16
VisualStudioVersion = 16.0.33214.272
MinimumVisualStudioVersion = 10.0.40219.1
Project("{FAE04EC0-301F-11D3-BF4B-00C04F79EFBC}") = "TIkTakToe", "TIkTakToe\TIkTakToe.csproj", "{F86BB00A-3FC2-44DF-8F5E-9AAA5ADF0C8F}"
EndProject
Global
	GlobalSection(SolutionConfigurationPlatforms) = preSolution
		Debug|Any CPU = Debug|Any CPU
		Release|Any CPU = Release|Any CPU
	EndGlobalSection
	GlobalSection(ProjectConfigurationPlatforms) = postSolution
		{F86BB00A-3FC2-44DF-8F5E-9AAA5ADF0C8F}.Debug|Any CPU.ActiveCfg = Debug|Any CPU
		{F86BB00A-3FC2-44DF-8F5E-9AAA5ADF0C8F}.Debug|Any CPU.Build.0 = Debug|Any CPU
		{F86BB00A-3FC2-44DF-8F5E-9AAA5ADF0C8F}.Release|Any CPU.ActiveCfg = Release|Any CPU
		{F86BB00A-3FC2-44DF-8F5E-9AAA5ADF0C8F}.Release|Any CPU.Build.0 = Release|Any CPU
	EndGlobalSection
	GlobalSection(SolutionProperties) = preSolution
		HideSolutionNode = FALSE
	EndGlobalSection
	GlobalSection(ExtensibilityGlobals) = postSolution
		SolutionGuid = {F4D59542-9A3F-4746-A1BC-3BF4A67D7998}
	EndGlobalSection
EndGlobal
